PODS:
  - IQKeyboardManagerSwift (6.1.1)
  - MarqueeLabel/Swift (3.2.0)
  - NotificationBannerSwift (1.7.0):
    - MarqueeLabel/Swift (~> 3.2.0)
    - SnapKit (~> 4.0.1)
  - SnapKit (4.0.1)
  - Stripe (13.2.0)

DEPENDENCIES:
  - IQKeyboardManagerSwift
  - NotificationBannerSwift (= 1.7.0)
  - Stripe

SPEC REPOS:
  https://github.com/cocoapods/specs.git:
    - IQKeyboardManagerSwift
    - MarqueeLabel
    - NotificationBannerSwift
    - SnapKit
    - Stripe

SPEC CHECKSUMS:
  IQKeyboardManagerSwift: 977affaeb4d6e971975c7790a6850f31d38f1207
  MarqueeLabel: 440a502b91a9179bd98f9fff00ba1150650a1c0e
  NotificationBannerSwift: 524ceff00e3fc02554cd936d37946d07159a44aa
  SnapKit: 0de968a9fec17499afa29683b05d0c775b6d1c29
  Stripe: 2c69e216061d54d9c538204bb4f58bd597ddfc5b

PODFILE CHECKSUM: 61ee3757ced0192480a8f407568f28263c100fd1

COCOAPODS: 1.5.3
